// !$*UTF8*$!
{
	archiveVersion = 1;
	classes = {
	};
	objectVersion = 77;
	objects = {

/* Begin PBXBuildFile section */
		062059E12D8B5EEF69D903CA /* SingWordWidget.swift in Sources */ = {isa = PBXBuildFile; fileRef = 68D2E64A6A1C1DA2AA019C7B /* SingWordWidget.swift */; };
		3B181BCB1985CD24198B8B94 /* SingWordWidgetBundle.swift in Sources */ = {isa = PBXBuildFile; fileRef = 1E321545BB1CB92435F05C10 /* SingWordWidgetBundle.swift */; };
		750817FFF3CA952D4ADEE91E /* SingWordWidget.appex in Embed App Extensions */ = {isa = PBXBuildFile; fileRef = BE26D9098D2E0916D75E2EB3 /* SingWordWidget.appex */; };
		947AB438751165EFF96959F8 /* inter_variable.ttf in Resources */ = {isa = PBXBuildFile; fileRef = D20101C9F5DD7AB6FABBB149 /* inter_variable.ttf */; };
		B706074D3CBF3981A9F25A72 /* WidgetSupport.swift in Sources */ = {isa = PBXBuildFile; fileRef = 6D7B877D777D0E8DF2E171BE /* WidgetSupport.swift */; };
		D9412354FDBFE235B1E6757C /* plus_jakarta_sans_variable.ttf in Resources */ = {isa = PBXBuildFile; fileRef = EA58A0A29F77B5873ADEA9D2 /* plus_jakarta_sans_variable.ttf */; };
		E47F642998979E2BFBC27E4C /* Foundation.framework in Frameworks */ = {isa = PBXBuildFile; fileRef = EB851FBE43B3D10C25E70517 /* Foundation.framework */; };
/* End PBXBuildFile section */

/* Begin PBXContainerItemProxy section */
		483971104C58879B21892768 /* PBXContainerItemProxy */ = {
			isa = PBXContainerItemProxy;
			containerPortal = 1EE133932F57B9F6002C8B18 /* Project object */;
			proxyType = 1;
			remoteGlobalIDString = 1C026B7360A5C6360972600C;
			remoteInfo = SingWordWidget;
		};
/* End PBXContainerItemProxy section */

/* Begin PBXCopyFilesBuildPhase section */
		65304DF5234F0179D485659D /* Embed App Extensions */ = {
			isa = PBXCopyFilesBuildPhase;
			buildActionMask = 2147483647;
			dstPath = "";
			dstSubfolderSpec = 13;
			files = (
				750817FFF3CA952D4ADEE91E /* SingWordWidget.appex in Embed App Extensions */,
			);
			name = "Embed App Extensions";
			runOnlyForDeploymentPostprocessing = 0;
		};
/* End PBXCopyFilesBuildPhase section */

/* Begin PBXFileReference section */
		1E321545BB1CB92435F05C10 /* SingWordWidgetBundle.swift */ = {isa = PBXFileReference; includeInIndex = 1; lastKnownFileType = sourcecode.swift; path = SingWordWidgetBundle.swift; sourceTree = "<group>"; };
		1EE1339B2F57B9F6002C8B18 /* singword.app */ = {isa = PBXFileReference; explicitFileType = wrapper.application; includeInIndex = 0; path = singword.app; sourceTree = BUILT_PRODUCTS_DIR; };
		325FA15F3D9BE9B0F9C1DA4C /* SingWordWidget.entitlements */ = {isa = PBXFileReference; includeInIndex = 1; lastKnownFileType = text.plist.entitlements; path = SingWordWidget.entitlements; sourceTree = "<group>"; };
		35FEA403F3C1EF2468FA1767 /* Info.plist */ = {isa = PBXFileReference; includeInIndex = 1; lastKnownFileType = text.plist.xml; path = Info.plist; sourceTree = "<group>"; };
		68D2E64A6A1C1DA2AA019C7B /* SingWordWidget.swift */ = {isa = PBXFileReference; includeInIndex = 1; lastKnownFileType = sourcecode.swift; path = SingWordWidget.swift; sourceTree = "<group>"; };
		6D7B877D777D0E8DF2E171BE /* WidgetSupport.swift */ = {isa = PBXFileReference; includeInIndex = 1; lastKnownFileType = sourcecode.swift; path = WidgetSupport.swift; sourceTree = "<group>"; };
		BE26D9098D2E0916D75E2EB3 /* SingWordWidget.appex */ = {isa = PBXFileReference; explicitFileType = "wrapper.app-extension"; includeInIndex = 0; path = SingWordWidget.appex; sourceTree = BUILT_PRODUCTS_DIR; };
		D20101C9F5DD7AB6FABBB149 /* inter_variable.ttf */ = {isa = PBXFileReference; includeInIndex = 1; lastKnownFileType = file; name = inter_variable.ttf; path = Resources/fonts/inter_variable.ttf; sourceTree = "<group>"; };
		EA58A0A29F77B5873ADEA9D2 /* plus_jakarta_sans_variable.ttf */ = {isa = PBXFileReference; includeInIndex = 1; lastKnownFileType = file; name = plus_jakarta_sans_variable.ttf; path = Resources/fonts/plus_jakarta_sans_variable.ttf; sourceTree = "<group>"; };
		EB851FBE43B3D10C25E70517 /* Foundation.framework */ = {isa = PBXFileReference; lastKnownFileType = wrapper.framework; name = Foundation.framework; path = Platforms/iPhoneOS.platform/Developer/SDKs/iPhoneOS18.0.sdk/System/Library/Frameworks/Foundation.framework; sourceTree = DEVELOPER_DIR; };
/* End PBXFileReference section */

/* Begin PBXFileSystemSynchronizedRootGroup section */
		1EE1339D2F57B9F6002C8B18 /* singword */ = {
			isa = PBXFileSystemSynchronizedRootGroup;
			path = singword;
			sourceTree = "<group>";
		};
/* End PBXFileSystemSynchronizedRootGroup section */

/* Begin PBXFrameworksBuildPhase section */
		1EE133982F57B9F6002C8B18 /* Frameworks */ = {
			isa = PBXFrameworksBuildPhase;
			buildActionMask = 2147483647;
			files = (
			);
			runOnlyForDeploymentPostprocessing = 0;
		};
		59D782500E8B128B3EAA4E0C /* Frameworks */ = {
			isa = PBXFrameworksBuildPhase;
			buildActionMask = 2147483647;
			files = (
				E47F642998979E2BFBC27E4C /* Foundation.framework in Frameworks */,
			);
			runOnlyForDeploymentPostprocessing = 0;
		};
/* End PBXFrameworksBuildPhase section */

/* Begin PBXGroup section */
		1EE133922F57B9F6002C8B18 = {
			isa = PBXGroup;
			children = (
				1EE1339D2F57B9F6002C8B18 /* singword */,
				1EE1339C2F57B9F6002C8B18 /* Products */,
				8DB7C85906B10F058E1D3048 /* SingWordWidget */,
				F6B584278BDFF77483692056 /* Frameworks */,
			);
			sourceTree = "<group>";
		};
		1EE1339C2F57B9F6002C8B18 /* Products */ = {
			isa = PBXGroup;
			children = (
				1EE1339B2F57B9F6002C8B18 /* singword.app */,
				BE26D9098D2E0916D75E2EB3 /* SingWordWidget.appex */,
			);
			name = Products;
			sourceTree = "<group>";
		};
		8DB7C85906B10F058E1D3048 /* SingWordWidget */ = {
			isa = PBXGroup;
			children = (
				68D2E64A6A1C1DA2AA019C7B /* SingWordWidget.swift */,
				1E321545BB1CB92435F05C10 /* SingWordWidgetBundle.swift */,
				6D7B877D777D0E8DF2E171BE /* WidgetSupport.swift */,
				35FEA403F3C1EF2468FA1767 /* Info.plist */,
				325FA15F3D9BE9B0F9C1DA4C /* SingWordWidget.entitlements */,
				D20101C9F5DD7AB6FABBB149 /* inter_variable.ttf */,
				EA58A0A29F77B5873ADEA9D2 /* plus_jakarta_sans_variable.ttf */,
			);
			path = SingWordWidget;
			sourceTree = "<group>";
		};
		D46C6EEC52ADD37EE39DF207 /* iOS */ = {
			isa = PBXGroup;
			children = (
				EB851FBE43B3D10C25E70517 /* Foundation.framework */,
			);
			name = iOS;
			sourceTree = "<group>";
		};
		F6B584278BDFF77483692056 /* Frameworks */ = {
			isa = PBXGroup;
			children = (
				D46C6EEC52ADD37EE39DF207 /* iOS */,
			);
			name = Frameworks;
			sourceTree = "<group>";
		};
/* End PBXGroup section */

/* Begin PBXNativeTarget section */
		1C026B7360A5C6360972600C /* SingWordWidget */ = {
			isa = PBXNativeTarget;
			buildConfigurationList = 7320EC81E2C4FD404FAD71DA /* Build configuration list for PBXNativeTarget "SingWordWidget" */;
			buildPhases = (
				CF26AFC3093503CEA723B757 /* Sources */,
				59D782500E8B128B3EAA4E0C /* Frameworks */,
				9E912AE1AA0B467B5D6E8DA1 /* Resources */,
			);
			buildRules = (
			);
			dependencies = (
			);
			name = SingWordWidget;
			productName = SingWordWidget;
			productReference = BE26D9098D2E0916D75E2EB3 /* SingWordWidget.appex */;
			productType = "com.apple.product-type.app-extension";
		};
		1EE1339A2F57B9F6002C8B18 /* singword */ = {
			isa = PBXNativeTarget;
			buildConfigurationList = 1EE133A62F57B9F6002C8B18 /* Build configuration list for PBXNativeTarget "singword" */;
			buildPhases = (
				1EE133972F57B9F6002C8B18 /* Sources */,
				1EE133982F57B9F6002C8B18 /* Frameworks */,
				1EE133992F57B9F6002C8B18 /* Resources */,
				65304DF5234F0179D485659D /* Embed App Extensions */,
			);
			buildRules = (
			);
			dependencies = (
				7E409556139583EDC02B3265 /* PBXTargetDependency */,
			);
			fileSystemSynchronizedGroups = (
				1EE1339D2F57B9F6002C8B18 /* singword */,
			);
			name = singword;
			productName = singword;
			productReference = 1EE1339B2F57B9F6002C8B18 /* singword.app */;
			productType = "com.apple.product-type.application";
		};
/* End PBXNativeTarget section */

/* Begin PBXProject section */
		1EE133932F57B9F6002C8B18 /* Project object */ = {
			isa = PBXProject;
			attributes = {
				BuildIndependentTargetsInParallel = 1;
				LastSwiftUpdateCheck = 2630;
				LastUpgradeCheck = 2630;
				TargetAttributes = {
					1EE1339A2F57B9F6002C8B18 = {
						CreatedOnToolsVersion = 26.3;
					};
				};
			};
			buildConfigurationList = 1EE133962F57B9F6002C8B18 /* Build configuration list for PBXProject "singword" */;
			developmentRegion = en;
			hasScannedForEncodings = 0;
			knownRegions = (
				en,
				Base,
			);
			mainGroup = 1EE133922F57B9F6002C8B18;
			minimizedProjectReferenceProxies = 1;
			preferredProjectObjectVersion = 77;
			productRefGroup = 1EE1339C2F57B9F6002C8B18 /* Products */;
			projectDirPath = "";
			projectRoot = "";
			targets = (
				1EE1339A2F57B9F6002C8B18 /* singword */,
				1C026B7360A5C6360972600C /* SingWordWidget */,
			);
		};
/* End PBXProject section */

/* Begin PBXResourcesBuildPhase section */
		1EE133992F57B9F6002C8B18 /* Resources */ = {
			isa = PBXResourcesBuildPhase;
			buildActionMask = 2147483647;
			files = (
			);
			runOnlyForDeploymentPostprocessing = 0;
		};
		9E912AE1AA0B467B5D6E8DA1 /* Resources */ = {
			isa = PBXResourcesBuildPhase;
			buildActionMask = 2147483647;
			files = (
				947AB438751165EFF96959F8 /* inter_variable.ttf in Resources */,
				D9412354FDBFE235B1E6757C /* plus_jakarta_sans_variable.ttf in Resources */,
			);
			runOnlyForDeploymentPostprocessing = 0;
		};
/* End PBXResourcesBuildPhase section */

/* Begin PBXSourcesBuildPhase section */
		1EE133972F57B9F6002C8B18 /* Sources */ = {
			isa = PBXSourcesBuildPhase;
			buildActionMask = 2147483647;
			files = (
			);
			runOnlyForDeploymentPostprocessing = 0;
		};
		CF26AFC3093503CEA723B757 /* Sources */ = {
			isa = PBXSourcesBuildPhase;
			buildActionMask = 2147483647;
			files = (
				062059E12D8B5EEF69D903CA /* SingWordWidget.swift in Sources */,
				3B181BCB1985CD24198B8B94 /* SingWordWidgetBundle.swift in Sources */,
				B706074D3CBF3981A9F25A72 /* WidgetSupport.swift in Sources */,
			);
			runOnlyForDeploymentPostprocessing = 0;
		};
/* End PBXSourcesBuildPhase section */

/* Begin PBXTargetDependency section */
		7E409556139583EDC02B3265 /* PBXTargetDependency */ = {
			isa = PBXTargetDependency;
			name = SingWordWidget;
			target = 1C026B7360A5C6360972600C /* SingWordWidget */;
			targetProxy = 483971104C58879B21892768 /* PBXContainerItemProxy */;
		};
/* End PBXTargetDependency section */

/* Begin XCBuildConfiguration section */
		1EE133A42F57B9F6002C8B18 /* Debug */ = {
			isa = XCBuildConfiguration;
			buildSettings = {
				ALWAYS_SEARCH_USER_PATHS = NO;
				ASSETCATALOG_COMPILER_GENERATE_SWIFT_ASSET_SYMBOL_EXTENSIONS = YES;
				CLANG_ANALYZER_NONNULL = YES;
				CLANG_ANALYZER_NUMBER_OBJECT_CONVERSION = YES_AGGRESSIVE;
				CLANG_CXX_LANGUAGE_STANDARD = "gnu++20";
				CLANG_ENABLE_MODULES = YES;
				CLANG_ENABLE_OBJC_ARC = YES;
				CLANG_ENABLE_OBJC_WEAK = YES;
				CLANG_WARN_BLOCK_CAPTURE_AUTORELEASING = YES;
				CLANG_WARN_BOOL_CONVERSION = YES;
				CLANG_WARN_COMMA = YES;
				CLANG_WARN_CONSTANT_CONVERSION = YES;
				CLANG_WARN_DEPRECATED_OBJC_IMPLEMENTATIONS = YES;
				CLANG_WARN_DIRECT_OBJC_ISA_USAGE = YES_ERROR;
				CLANG_WARN_DOCUMENTATION_COMMENTS = YES;
				CLANG_WARN_EMPTY_BODY = YES;
				CLANG_WARN_ENUM_CONVERSION = YES;
				CLANG_WARN_INFINITE_RECURSION = YES;
				CLANG_WARN_INT_CONVERSION = YES;
				CLANG_WARN_NON_LITERAL_NULL_CONVERSION = YES;
				CLANG_WARN_OBJC_IMPLICIT_RETAIN_SELF = YES;
				CLANG_WARN_OBJC_LITERAL_CONVERSION = YES;
				CLANG_WARN_OBJC_ROOT_CLASS = YES_ERROR;
				CLANG_WARN_QUOTED_INCLUDE_IN_FRAMEWORK_HEADER = YES;
				CLANG_WARN_RANGE_LOOP_ANALYSIS = YES;
				CLANG_WARN_STRICT_PROTOTYPES = YES;
				CLANG_WARN_SUSPICIOUS_MOVE = YES;
				CLANG_WARN_UNGUARDED_AVAILABILITY = YES_AGGRESSIVE;
				CLANG_WARN_UNREACHABLE_CODE = YES;
				CLANG_WARN__DUPLICATE_METHOD_MATCH = YES;
				COPY_PHASE_STRIP = NO;
				DEBUG_INFORMATION_FORMAT = dwarf;
				DEVELOPMENT_TEAM = 85VUQRKU57;
				ENABLE_STRICT_OBJC_MSGSEND = YES;
				ENABLE_TESTABILITY = YES;
				ENABLE_USER_SCRIPT_SANDBOXING = YES;
				GCC_C_LANGUAGE_STANDARD = gnu17;
				GCC_DYNAMIC_NO_PIC = NO;
				GCC_NO_COMMON_BLOCKS = YES;
				GCC_OPTIMIZATION_LEVEL = 0;
				GCC_PREPROCESSOR_DEFINITIONS = (
					"DEBUG=1",
					"$(inherited)",
				);
				GCC_WARN_64_TO_32_BIT_CONVERSION = YES;
				GCC_WARN_ABOUT_RETURN_TYPE = YES_ERROR;
				GCC_WARN_UNDECLARED_SELECTOR = YES;
				GCC_WARN_UNINITIALIZED_AUTOS = YES_AGGRESSIVE;
				GCC_WARN_UNUSED_FUNCTION = YES;
				GCC_WARN_UNUSED_VARIABLE = YES;
				IPHONEOS_DEPLOYMENT_TARGET = 18.0;
				LOCALIZATION_PREFERS_STRING_CATALOGS = YES;
				MTL_ENABLE_DEBUG_INFO = INCLUDE_SOURCE;
				MTL_FAST_MATH = YES;
				ONLY_ACTIVE_ARCH = YES;
				SDKROOT = iphoneos;
				SWIFT_ACTIVE_COMPILATION_CONDITIONS = "DEBUG $(inherited)";
				SWIFT_OPTIMIZATION_LEVEL = "-Onone";
			};
			name = Debug;
		};
		1EE133A52F57B9F6002C8B18 /* Release */ = {
			isa = XCBuildConfiguration;
			buildSettings = {
				ALWAYS_SEARCH_USER_PATHS = NO;
				ASSETCATALOG_COMPILER_GENERATE_SWIFT_ASSET_SYMBOL_EXTENSIONS = YES;
				CLANG_ANALYZER_NONNULL = YES;
				CLANG_ANALYZER_NUMBER_OBJECT_CONVERSION = YES_AGGRESSIVE;
				CLANG_CXX_LANGUAGE_STANDARD = "gnu++20";
				CLANG_ENABLE_MODULES = YES;
				CLANG_ENABLE_OBJC_ARC = YES;
				CLANG_ENABLE_OBJC_WEAK = YES;
				CLANG_WARN_BLOCK_CAPTURE_AUTORELEASING = YES;
				CLANG_WARN_BOOL_CONVERSION = YES;
				CLANG_WARN_COMMA = YES;
				CLANG_WARN_CONSTANT_CONVERSION = YES;
				CLANG_WARN_DEPRECATED_OBJC_IMPLEMENTATIONS = YES;
				CLANG_WARN_DIRECT_OBJC_ISA_USAGE = YES_ERROR;
				CLANG_WARN_DOCUMENTATION_COMMENTS = YES;
				CLANG_WARN_EMPTY_BODY = YES;
				CLANG_WARN_ENUM_CONVERSION = YES;
				CLANG_WARN_INFINITE_RECURSION = YES;
				CLANG_WARN_INT_CONVERSION = YES;
				CLANG_WARN_NON_LITERAL_NULL_CONVERSION = YES;
				CLANG_WARN_OBJC_IMPLICIT_RETAIN_SELF = YES;
				CLANG_WARN_OBJC_LITERAL_CONVERSION = YES;
				CLANG_WARN_OBJC_ROOT_CLASS = YES_ERROR;
				CLANG_WARN_QUOTED_INCLUDE_IN_FRAMEWORK_HEADER = YES;
				CLANG_WARN_RANGE_LOOP_ANALYSIS = YES;
				CLANG_WARN_STRICT_PROTOTYPES = YES;
				CLANG_WARN_SUSPICIOUS_MOVE = YES;
				CLANG_WARN_UNGUARDED_AVAILABILITY = YES_AGGRESSIVE;
				CLANG_WARN_UNREACHABLE_CODE = YES;
				CLANG_WARN__DUPLICATE_METHOD_MATCH = YES;
				COPY_PHASE_STRIP = NO;
				DEBUG_INFORMATION_FORMAT = "dwarf-with-dsym";
				DEVELOPMENT_TEAM = 85VUQRKU57;
				ENABLE_NS_ASSERTIONS = NO;
				ENABLE_STRICT_OBJC_MSGSEND = YES;
				ENABLE_USER_SCRIPT_SANDBOXING = YES;
				GCC_C_LANGUAGE_STANDARD = gnu17;
				GCC_NO_COMMON_BLOCKS = YES;
				GCC_WARN_64_TO_32_BIT_CONVERSION = YES;
				GCC_WARN_ABOUT_RETURN_TYPE = YES_ERROR;
				GCC_WARN_UNDECLARED_SELECTOR = YES;
				GCC_WARN_UNINITIALIZED_AUTOS = YES_AGGRESSIVE;
				GCC_WARN_UNUSED_FUNCTION = YES;
				GCC_WARN_UNUSED_VARIABLE = YES;
				IPHONEOS_DEPLOYMENT_TARGET = 18.0;
				LOCALIZATION_PREFERS_STRING_CATALOGS = YES;
				MTL_ENABLE_DEBUG_INFO = NO;
				MTL_FAST_MATH = YES;
				SDKROOT = iphoneos;
				SWIFT_COMPILATION_MODE = wholemodule;
				VALIDATE_PRODUCT = YES;
			};
			name = Release;
		};
		1EE133A72F57B9F6002C8B18 /* Debug */ = {
			isa = XCBuildConfiguration;
			buildSettings = {
				ASSETCATALOG_COMPILER_APPICON_NAME = AppIcon;
				ASSETCATALOG_COMPILER_GLOBAL_ACCENT_COLOR_NAME = AccentColor;
				CODE_SIGN_ENTITLEMENTS = singword/singword.entitlements;
				CODE_SIGN_STYLE = Automatic;
				CURRENT_PROJECT_VERSION = 1;
				DEVELOPMENT_TEAM = 85VUQRKU57;
				ENABLE_PREVIEWS = YES;
				GENERATE_INFOPLIST_FILE = YES;
				INFOPLIST_KEY_UIApplicationSceneManifest_Generation = YES;
				INFOPLIST_KEY_UIApplicationSupportsIndirectInputEvents = YES;
				INFOPLIST_KEY_UILaunchScreen_Generation = YES;
				INFOPLIST_KEY_UISupportedInterfaceOrientations_iPad = "UIInterfaceOrientationPortrait UIInterfaceOrientationPortraitUpsideDown UIInterfaceOrientationLandscapeLeft UIInterfaceOrientationLandscapeRight";
				INFOPLIST_KEY_UISupportedInterfaceOrientations_iPhone = "UIInterfaceOrientationPortrait UIInterfaceOrientationLandscapeLeft UIInterfaceOrientationLandscapeRight";
				IPHONEOS_DEPLOYMENT_TARGET = 18.0;
				LD_RUNPATH_SEARCH_PATHS = (
					"$(inherited)",
					"@executable_path/Frameworks",
				);
				MARKETING_VERSION = 1.0;
				PRODUCT_BUNDLE_IDENTIFIER = ink.singword;
				PRODUCT_NAME = "$(TARGET_NAME)";
				STRING_CATALOG_GENERATE_SYMBOLS = YES;
				SWIFT_APPROACHABLE_CONCURRENCY = YES;
				SWIFT_DEFAULT_ACTOR_ISOLATION = MainActor;
				SWIFT_EMIT_LOC_STRINGS = YES;
				SWIFT_UPCOMING_FEATURE_MEMBER_IMPORT_VISIBILITY = YES;
				SWIFT_VERSION = 5.0;
				TARGETED_DEVICE_FAMILY = "1,2";
			};
			name = Debug;
		};
		1EE133A82F57B9F6002C8B18 /* Release */ = {
			isa = XCBuildConfiguration;
			buildSettings = {
				ASSETCATALOG_COMPILER_APPICON_NAME = AppIcon;
				ASSETCATALOG_COMPILER_GLOBAL_ACCENT_COLOR_NAME = AccentColor;
				CODE_SIGN_ENTITLEMENTS = singword/singword.entitlements;
				CODE_SIGN_STYLE = Automatic;
				CURRENT_PROJECT_VERSION = 1;
				DEVELOPMENT_TEAM = 85VUQRKU57;
				ENABLE_PREVIEWS = YES;
				GENERATE_INFOPLIST_FILE = YES;
				INFOPLIST_KEY_UIApplicationSceneManifest_Generation = YES;
				INFOPLIST_KEY_UIApplicationSupportsIndirectInputEvents = YES;
				INFOPLIST_KEY_UILaunchScreen_Generation = YES;
				INFOPLIST_KEY_UISupportedInterfaceOrientations_iPad = "UIInterfaceOrientationPortrait UIInterfaceOrientationPortraitUpsideDown UIInterfaceOrientationLandscapeLeft UIInterfaceOrientationLandscapeRight";
				INFOPLIST_KEY_UISupportedInterfaceOrientations_iPhone = "UIInterfaceOrientationPortrait UIInterfaceOrientationLandscapeLeft UIInterfaceOrientationLandscapeRight";
				IPHONEOS_DEPLOYMENT_TARGET = 18.0;
				LD_RUNPATH_SEARCH_PATHS = (
					"$(inherited)",
					"@executable_path/Frameworks",
				);
				MARKETING_VERSION = 1.0;
				PRODUCT_BUNDLE_IDENTIFIER = ink.singword;
				PRODUCT_NAME = "$(TARGET_NAME)";
				STRING_CATALOG_GENERATE_SYMBOLS = YES;
				SWIFT_APPROACHABLE_CONCURRENCY = YES;
				SWIFT_DEFAULT_ACTOR_ISOLATION = MainActor;
				SWIFT_EMIT_LOC_STRINGS = YES;
				SWIFT_UPCOMING_FEATURE_MEMBER_IMPORT_VISIBILITY = YES;
				SWIFT_VERSION = 5.0;
				TARGETED_DEVICE_FAMILY = "1,2";
			};
			name = Release;
		};
		83D1564F5A08462CDE48EC33 /* Debug */ = {
			isa = XCBuildConfiguration;
			buildSettings = {
				APPLICATION_EXTENSION_API_ONLY = YES;
				CLANG_ENABLE_OBJC_WEAK = NO;
				CODE_SIGN_ENTITLEMENTS = SingWordWidget/SingWordWidget.entitlements;
				CURRENT_PROJECT_VERSION = 1;
				GENERATE_INFOPLIST_FILE = NO;
				INFOPLIST_FILE = SingWordWidget/Info.plist;
				IPHONEOS_DEPLOYMENT_TARGET = 18.0;
				LD_RUNPATH_SEARCH_PATHS = (
					"$(inherited)",
					"@executable_path/Frameworks",
					"@executable_path/../../Frameworks",
				);
				MARKETING_VERSION = 1.0;
				PRODUCT_BUNDLE_IDENTIFIER = ink.singword.widget;
				PRODUCT_NAME = SingWordWidget;
				SDKROOT = iphoneos;
				SKIP_INSTALL = YES;
				SWIFT_VERSION = 5.0;
			};
			name = Debug;
		};
		B811781F356164F0F5C55B46 /* Release */ = {
			isa = XCBuildConfiguration;
			buildSettings = {
				APPLICATION_EXTENSION_API_ONLY = YES;
				CLANG_ENABLE_OBJC_WEAK = NO;
				CODE_SIGN_ENTITLEMENTS = SingWordWidget/SingWordWidget.entitlements;
				CURRENT_PROJECT_VERSION = 1;
				GENERATE_INFOPLIST_FILE = NO;
				INFOPLIST_FILE = SingWordWidget/Info.plist;
				IPHONEOS_DEPLOYMENT_TARGET = 18.0;
				LD_RUNPATH_SEARCH_PATHS = (
					"$(inherited)",
					"@executable_path/Frameworks",
					"@executable_path/../../Frameworks",
				);
				MARKETING_VERSION = 1.0;
				PRODUCT_BUNDLE_IDENTIFIER = ink.singword.widget;
				PRODUCT_NAME = SingWordWidget;
				SDKROOT = iphoneos;
				SKIP_INSTALL = YES;
				SWIFT_VERSION = 5.0;
				VALIDATE_PRODUCT = YES;
			};
			name = Release;
		};
/* End XCBuildConfiguration section */

/* Begin XCConfigurationList section */
		1EE133962F57B9F6002C8B18 /* Build configuration list for PBXProject "singword" */ = {
			isa = XCConfigurationList;
			buildConfigurations = (
				1EE133A42F57B9F6002C8B18 /* Debug */,
				1EE133A52F57B9F6002C8B18 /* Release */,
			);
			defaultConfigurationIsVisible = 0;
			defaultConfigurationName = Release;
		};
		1EE133A62F57B9F6002C8B18 /* Build configuration list for PBXNativeTarget "singword" */ = {
			isa = XCConfigurationList;
			buildConfigurations = (
				1EE133A72F57B9F6002C8B18 /* Debug */,
				1EE133A82F57B9F6002C8B18 /* Release */,
			);
			defaultConfigurationIsVisible = 0;
			defaultConfigurationName = Release;
		};
		7320EC81E2C4FD404FAD71DA /* Build configuration list for PBXNativeTarget "SingWordWidget" */ = {
			isa = XCConfigurationList;
			buildConfigurations = (
				B811781F356164F0F5C55B46 /* Release */,
				83D1564F5A08462CDE48EC33 /* Debug */,
			);
			defaultConfigurationIsVisible = 0;
			defaultConfigurationName = Release;
		};
/* End XCConfigurationList section */
	};
	rootObject = 1EE133932F57B9F6002C8B18 /* Project object */;
}
